
Microsoft Visual Studio Solution File, Format Version 12.00
Project("{2150E333-8FDC-42A3-9474-1A3956D46DE8}") = "Sources", "Sources", "{DCC9AD2B-7211-405B-BF5B-B556CCF7B0E2}"
EndProject
Project("{2150E333-8FDC-42A3-9474-1A3956D46DE8}") = "RosePlus", "RosePlus", "{112B349A-935B-485F-89F9-3F382D21BDDE}"
EndProject
Project("{2150E333-8FDC-42A3-9474-1A3956D46DE8}") = "Hosts", "Hosts", "{524A81AC-BC45-442E-9E93-778013657174}"
EndProject
Project("{FAE04EC0-301F-11D3-BF4B-00C04F79EFBC}") = "RosePlus.Api", "Sources\RosePlus\Hosts\RosePlus.Api\RosePlus.Api.csproj", "{7E2E5D4D-24E4-45B7-B59C-C8941E9EC53A}"
EndProject
Project("{2150E333-8FDC-42A3-9474-1A3956D46DE8}") = "Domain", "Domain", "{55D780D4-A7C9-419D-AD79-1F75FC9D173B}"
EndProject
Project("{FAE04EC0-301F-11D3-BF4B-00C04F79EFBC}") = "RosePlus.Domain", "Sources\RosePlus\Domain\RosePlus.Domain\RosePlus.Domain.csproj", "{E22A6002-1B74-415A-9442-87DDC757DD55}"
EndProject
Project("{2150E333-8FDC-42A3-9474-1A3956D46DE8}") = "Contracts", "Contracts", "{5554C530-D83E-4830-8C29-90E586E038D8}"
EndProject
Project("{FAE04EC0-301F-11D3-BF4B-00C04F79EFBC}") = "RosePlus.Contracts", "Sources\RosePlus\Contracts\RosePlus.Contracts\RosePlus.Contracts.csproj", "{D1CD9DFF-01AC-4E22-B864-E7CA0914EE3E}"
EndProject
Project("{2150E333-8FDC-42A3-9474-1A3956D46DE8}") = "Infrastructure", "Infrastructure", "{22459F8D-7E85-404D-88DB-919B101D3BF5}"
EndProject
Project("{FAE04EC0-301F-11D3-BF4B-00C04F79EFBC}") = "RosePlus.DataAccess", "Sources\RosePlus\Infrastructure\RosePlus.DataAccess\RosePlus.DataAccess.csproj", "{1D7D93EC-E30D-4B6E-9C5A-6450ECB7A5F5}"
EndProject
Project("{FAE04EC0-301F-11D3-BF4B-00C04F79EFBC}") = "RosePlus.Registrar", "Sources\RosePlus\Infrastructure\RosePlus.Registrar\RosePlus.Registrar.csproj", "{731564C6-4B47-4783-8A93-78A247AB3BDB}"
EndProject
Project("{FAE04EC0-301F-11D3-BF4B-00C04F79EFBC}") = "RosePlus.Migrations", "Sources\RosePlus\Infrastructure\RosePlus.Migrations\RosePlus.Migrations.csproj", "{ACBD040D-5FCC-475B-BF9D-EAA9FCBA6B44}"
EndProject
Project("{FAE04EC0-301F-11D3-BF4B-00C04F79EFBC}") = "RosePlus.Infrastructure", "Sources\RosePlus\Infrastructure\RosePlus.Infrastructure\RosePlus.Infrastructure\RosePlus.Infrastructure.csproj", "{133EFB4A-F3AE-4888-AD73-A53E3DC4F093}"
EndProject
Project("{2150E333-8FDC-42A3-9474-1A3956D46DE8}") = "AppServices", "AppServices", "{B6477535-23D3-4759-8A8A-A62E172A0B89}"
EndProject
Project("{FAE04EC0-301F-11D3-BF4B-00C04F79EFBC}") = "RosePlus.AppServices", "Sources\RosePlus\AppServices\RosePlus.AppServices\RosePlus.AppServices\RosePlus.AppServices.csproj", "{8D838FB4-790A-4B47-B1CD-F407A312F51C}"
EndProject
Project("{2150E333-8FDC-42A3-9474-1A3956D46DE8}") = "Common", "Common", "{D0BFDB21-BE1C-4C4E-9A9B-AA17412C4A47}"
EndProject
Project("{FAE04EC0-301F-11D3-BF4B-00C04F79EFBC}") = "RosePlus.Common", "Sources\RosePlus\Common\RosePlus.Common\RosePlus.Common.csproj", "{13D08793-03F8-4238-915B-347EFAF8AF8D}"
EndProject
Global
	GlobalSection(SolutionConfigurationPlatforms) = preSolution
		Debug|Any CPU = Debug|Any CPU
		Release|Any CPU = Release|Any CPU
	EndGlobalSection
	GlobalSection(NestedProjects) = preSolution
		{112B349A-935B-485F-89F9-3F382D21BDDE} = {DCC9AD2B-7211-405B-BF5B-B556CCF7B0E2}
		{524A81AC-BC45-442E-9E93-778013657174} = {112B349A-935B-485F-89F9-3F382D21BDDE}
		{7E2E5D4D-24E4-45B7-B59C-C8941E9EC53A} = {524A81AC-BC45-442E-9E93-778013657174}
		{55D780D4-A7C9-419D-AD79-1F75FC9D173B} = {112B349A-935B-485F-89F9-3F382D21BDDE}
		{E22A6002-1B74-415A-9442-87DDC757DD55} = {55D780D4-A7C9-419D-AD79-1F75FC9D173B}
		{5554C530-D83E-4830-8C29-90E586E038D8} = {112B349A-935B-485F-89F9-3F382D21BDDE}
		{D1CD9DFF-01AC-4E22-B864-E7CA0914EE3E} = {5554C530-D83E-4830-8C29-90E586E038D8}
		{22459F8D-7E85-404D-88DB-919B101D3BF5} = {112B349A-935B-485F-89F9-3F382D21BDDE}
		{1D7D93EC-E30D-4B6E-9C5A-6450ECB7A5F5} = {22459F8D-7E85-404D-88DB-919B101D3BF5}
		{731564C6-4B47-4783-8A93-78A247AB3BDB} = {22459F8D-7E85-404D-88DB-919B101D3BF5}
		{ACBD040D-5FCC-475B-BF9D-EAA9FCBA6B44} = {22459F8D-7E85-404D-88DB-919B101D3BF5}
		{133EFB4A-F3AE-4888-AD73-A53E3DC4F093} = {22459F8D-7E85-404D-88DB-919B101D3BF5}
		{B6477535-23D3-4759-8A8A-A62E172A0B89} = {112B349A-935B-485F-89F9-3F382D21BDDE}
		{8D838FB4-790A-4B47-B1CD-F407A312F51C} = {B6477535-23D3-4759-8A8A-A62E172A0B89}
		{D0BFDB21-BE1C-4C4E-9A9B-AA17412C4A47} = {112B349A-935B-485F-89F9-3F382D21BDDE}
		{13D08793-03F8-4238-915B-347EFAF8AF8D} = {D0BFDB21-BE1C-4C4E-9A9B-AA17412C4A47}
	EndGlobalSection
	GlobalSection(ProjectConfigurationPlatforms) = postSolution
		{7E2E5D4D-24E4-45B7-B59C-C8941E9EC53A}.Debug|Any CPU.ActiveCfg = Debug|Any CPU
		{7E2E5D4D-24E4-45B7-B59C-C8941E9EC53A}.Debug|Any CPU.Build.0 = Debug|Any CPU
		{7E2E5D4D-24E4-45B7-B59C-C8941E9EC53A}.Release|Any CPU.ActiveCfg = Release|Any CPU
		{7E2E5D4D-24E4-45B7-B59C-C8941E9EC53A}.Release|Any CPU.Build.0 = Release|Any CPU
		{E22A6002-1B74-415A-9442-87DDC757DD55}.Debug|Any CPU.ActiveCfg = Debug|Any CPU
		{E22A6002-1B74-415A-9442-87DDC757DD55}.Debug|Any CPU.Build.0 = Debug|Any CPU
		{E22A6002-1B74-415A-9442-87DDC757DD55}.Release|Any CPU.ActiveCfg = Release|Any CPU
		{E22A6002-1B74-415A-9442-87DDC757DD55}.Release|Any CPU.Build.0 = Release|Any CPU
		{D1CD9DFF-01AC-4E22-B864-E7CA0914EE3E}.Debug|Any CPU.ActiveCfg = Debug|Any CPU
		{D1CD9DFF-01AC-4E22-B864-E7CA0914EE3E}.Debug|Any CPU.Build.0 = Debug|Any CPU
		{D1CD9DFF-01AC-4E22-B864-E7CA0914EE3E}.Release|Any CPU.ActiveCfg = Release|Any CPU
		{D1CD9DFF-01AC-4E22-B864-E7CA0914EE3E}.Release|Any CPU.Build.0 = Release|Any CPU
		{1D7D93EC-E30D-4B6E-9C5A-6450ECB7A5F5}.Debug|Any CPU.ActiveCfg = Debug|Any CPU
		{1D7D93EC-E30D-4B6E-9C5A-6450ECB7A5F5}.Debug|Any CPU.Build.0 = Debug|Any CPU
		{1D7D93EC-E30D-4B6E-9C5A-6450ECB7A5F5}.Release|Any CPU.ActiveCfg = Release|Any CPU
		{1D7D93EC-E30D-4B6E-9C5A-6450ECB7A5F5}.Release|Any CPU.Build.0 = Release|Any CPU
		{731564C6-4B47-4783-8A93-78A247AB3BDB}.Debug|Any CPU.ActiveCfg = Debug|Any CPU
		{731564C6-4B47-4783-8A93-78A247AB3BDB}.Debug|Any CPU.Build.0 = Debug|Any CPU
		{731564C6-4B47-4783-8A93-78A247AB3BDB}.Release|Any CPU.ActiveCfg = Release|Any CPU
		{731564C6-4B47-4783-8A93-78A247AB3BDB}.Release|Any CPU.Build.0 = Release|Any CPU
		{ACBD040D-5FCC-475B-BF9D-EAA9FCBA6B44}.Debug|Any CPU.ActiveCfg = Debug|Any CPU
		{ACBD040D-5FCC-475B-BF9D-EAA9FCBA6B44}.Debug|Any CPU.Build.0 = Debug|Any CPU
		{ACBD040D-5FCC-475B-BF9D-EAA9FCBA6B44}.Release|Any CPU.ActiveCfg = Release|Any CPU
		{ACBD040D-5FCC-475B-BF9D-EAA9FCBA6B44}.Release|Any CPU.Build.0 = Release|Any CPU
		{133EFB4A-F3AE-4888-AD73-A53E3DC4F093}.Debug|Any CPU.ActiveCfg = Debug|Any CPU
		{133EFB4A-F3AE-4888-AD73-A53E3DC4F093}.Debug|Any CPU.Build.0 = Debug|Any CPU
		{133EFB4A-F3AE-4888-AD73-A53E3DC4F093}.Release|Any CPU.ActiveCfg = Release|Any CPU
		{133EFB4A-F3AE-4888-AD73-A53E3DC4F093}.Release|Any CPU.Build.0 = Release|Any CPU
		{8D838FB4-790A-4B47-B1CD-F407A312F51C}.Debug|Any CPU.ActiveCfg = Debug|Any CPU
		{8D838FB4-790A-4B47-B1CD-F407A312F51C}.Debug|Any CPU.Build.0 = Debug|Any CPU
		{8D838FB4-790A-4B47-B1CD-F407A312F51C}.Release|Any CPU.ActiveCfg = Release|Any CPU
		{8D838FB4-790A-4B47-B1CD-F407A312F51C}.Release|Any CPU.Build.0 = Release|Any CPU
		{13D08793-03F8-4238-915B-347EFAF8AF8D}.Debug|Any CPU.ActiveCfg = Debug|Any CPU
		{13D08793-03F8-4238-915B-347EFAF8AF8D}.Debug|Any CPU.Build.0 = Debug|Any CPU
		{13D08793-03F8-4238-915B-347EFAF8AF8D}.Release|Any CPU.ActiveCfg = Release|Any CPU
		{13D08793-03F8-4238-915B-347EFAF8AF8D}.Release|Any CPU.Build.0 = Release|Any CPU
	EndGlobalSection
EndGlobal
